
Microsoft Visual Studio Solution File, Format Version 12.00
# Visual Studio Version 17
VisualStudioVersion = 17.7.34031.279
MinimumVisualStudioVersion = 10.0.40219.1
Project("{FAE04EC0-301F-11D3-BF4B-00C04F79EFBC}") = "HalloDoc", "HalloDoc\HalloDoc.csproj", "{2585A556-D664-4E01-9748-5169B66F5E7E}"
EndProject
Global
	GlobalSection(SolutionConfigurationPlatforms) = preSolution
		Debug|Any CPU = Debug|Any CPU
		Release|Any CPU = Release|Any CPU
	EndGlobalSection
	GlobalSection(ProjectConfigurationPlatforms) = postSolution
		{2585A556-D664-4E01-9748-5169B66F5E7E}.Debug|Any CPU.ActiveCfg = Debug|Any CPU
		{2585A556-D664-4E01-9748-5169B66F5E7E}.Debug|Any CPU.Build.0 = Debug|Any CPU
		{2585A556-D664-4E01-9748-5169B66F5E7E}.Release|Any CPU.ActiveCfg = Release|Any CPU
		{2585A556-D664-4E01-9748-5169B66F5E7E}.Release|Any CPU.Build.0 = Release|Any CPU
	EndGlobalSection
	GlobalSection(SolutionProperties) = preSolution
		HideSolutionNode = FALSE
	EndGlobalSection
	GlobalSection(ExtensibilityGlobals) = postSolution
		SolutionGuid = {44E3F6CA-CA9F-4FCE-9621-A3095B790209}
	EndGlobalSection
EndGlobal
