
Microsoft Visual Studio Solution File, Format Version 12.00
# Visual Studio Version 17
VisualStudioVersion = 17.7.34031.279
MinimumVisualStudioVersion = 10.0.40219.1
Project("{9A19103F-16F7-4668-BE54-9A1E7A4F7556}") = "HalloDoc", "HalloDoc\HalloDoc.csproj", "{2585A556-D664-4E01-9748-5169B66F5E7E}"
EndProject
Project("{9A19103F-16F7-4668-BE54-9A1E7A4F7556}") = "HalloDoc.Entities", "HalloDoc.Entities\HalloDoc.Entities.csproj", "{BDCFC9A9-0840-4D20-BC54-47A1BCACC582}"
EndProject
Project("{9A19103F-16F7-4668-BE54-9A1E7A4F7556}") = "HalloDoc.Repository", "HalloDoc.Repository\HalloDoc.Repository.csproj", "{68CFCE80-1F1A-436A-AD68-1392AE03AD89}"
EndProject
Project("{9A19103F-16F7-4668-BE54-9A1E7A4F7556}") = "HalloDoc.Services", "HalloDoc.Services\HalloDoc.Services.csproj", "{9367A499-0521-4410-A793-F4A0451D6FD7}"
EndProject
Project("{2150E333-8FDC-42A3-9474-1A3956D46DE8}") = "Assignment", "Assignment", "{16865481-38E2-4004-9A56-6BD415EB589F}"
EndProject
Global
	GlobalSection(SolutionConfigurationPlatforms) = preSolution
		Debug|Any CPU = Debug|Any CPU
		Release|Any CPU = Release|Any CPU
	EndGlobalSection
	GlobalSection(ProjectConfigurationPlatforms) = postSolution
		{2585A556-D664-4E01-9748-5169B66F5E7E}.Debug|Any CPU.ActiveCfg = Debug|Any CPU
		{2585A556-D664-4E01-9748-5169B66F5E7E}.Debug|Any CPU.Build.0 = Debug|Any CPU
		{2585A556-D664-4E01-9748-5169B66F5E7E}.Release|Any CPU.ActiveCfg = Release|Any CPU
		{2585A556-D664-4E01-9748-5169B66F5E7E}.Release|Any CPU.Build.0 = Release|Any CPU
		{BDCFC9A9-0840-4D20-BC54-47A1BCACC582}.Debug|Any CPU.ActiveCfg = Debug|Any CPU
		{BDCFC9A9-0840-4D20-BC54-47A1BCACC582}.Debug|Any CPU.Build.0 = Debug|Any CPU
		{BDCFC9A9-0840-4D20-BC54-47A1BCACC582}.Release|Any CPU.ActiveCfg = Release|Any CPU
		{BDCFC9A9-0840-4D20-BC54-47A1BCACC582}.Release|Any CPU.Build.0 = Release|Any CPU
		{68CFCE80-1F1A-436A-AD68-1392AE03AD89}.Debug|Any CPU.ActiveCfg = Debug|Any CPU
		{68CFCE80-1F1A-436A-AD68-1392AE03AD89}.Debug|Any CPU.Build.0 = Debug|Any CPU
		{68CFCE80-1F1A-436A-AD68-1392AE03AD89}.Release|Any CPU.ActiveCfg = Release|Any CPU
		{68CFCE80-1F1A-436A-AD68-1392AE03AD89}.Release|Any CPU.Build.0 = Release|Any CPU
		{9367A499-0521-4410-A793-F4A0451D6FD7}.Debug|Any CPU.ActiveCfg = Debug|Any CPU
		{9367A499-0521-4410-A793-F4A0451D6FD7}.Debug|Any CPU.Build.0 = Debug|Any CPU
		{9367A499-0521-4410-A793-F4A0451D6FD7}.Release|Any CPU.ActiveCfg = Release|Any CPU
		{9367A499-0521-4410-A793-F4A0451D6FD7}.Release|Any CPU.Build.0 = Release|Any CPU
	EndGlobalSection
	GlobalSection(SolutionProperties) = preSolution
		HideSolutionNode = FALSE
	EndGlobalSection
	GlobalSection(ExtensibilityGlobals) = postSolution
		SolutionGuid = {44E3F6CA-CA9F-4FCE-9621-A3095B790209}
	EndGlobalSection
EndGlobal
